{
  "name": "Utto-Expo-App",
  "version": "0.0.1",
  "lockfileVersion": 1,
  "requires": true,
  "dependencies": {
    "npm-font-open-sans": {
      "version": "1.1.0",
      "resolved": "https://registry.npmjs.org/npm-font-open-sans/-/npm-font-open-sans-1.1.0.tgz",
      "integrity": "sha512-t1y5ShWm6a8FSLwBdINT47XYMcuKY2rkTBsTdz/76YB2MtX0YD89RUkY2eSS2/XOmlZfBe1HFBAwD+b9+/UfmQ==",
      "dev": true
    }
  }
}
